// !$*UTF8*$!
{
	archiveVersion = 1;
	classes = {
	};
	objectVersion = 56;
	objects = {

/* Begin PBXBuildFile section */
		92C7939A2B6A330800820E0C /* ExpenseTracker_SwiftUIApp.swift in Sources */ = {isa = PBXBuildFile; fileRef = 92C793992B6A330800820E0C /* ExpenseTracker_SwiftUIApp.swift */; };
		92C7939C2B6A330800820E0C /* ContentView.swift in Sources */ = {isa = PBXBuildFile; fileRef = 92C7939B2B6A330800820E0C /* ContentView.swift */; };
		92C7939E2B6A330C00820E0C /* Assets.xcassets in Resources */ = {isa = PBXBuildFile; fileRef = 92C7939D2B6A330C00820E0C /* Assets.xcassets */; };
		92C793A12B6A330C00820E0C /* Preview Assets.xcassets in Resources */ = {isa = PBXBuildFile; fileRef = 92C793A02B6A330C00820E0C /* Preview Assets.xcassets */; };
		92C793AB2B6A330C00820E0C /* ExpenseTracker_SwiftUITests.swift in Sources */ = {isa = PBXBuildFile; fileRef = 92C793AA2B6A330C00820E0C /* ExpenseTracker_SwiftUITests.swift */; };
		92C793B52B6A330C00820E0C /* ExpenseTracker_SwiftUIUITests.swift in Sources */ = {isa = PBXBuildFile; fileRef = 92C793B42B6A330C00820E0C /* ExpenseTracker_SwiftUIUITests.swift */; };
		92C793B72B6A330C00820E0C /* ExpenseTracker_SwiftUIUITestsLaunchTests.swift in Sources */ = {isa = PBXBuildFile; fileRef = 92C793B62B6A330C00820E0C /* ExpenseTracker_SwiftUIUITestsLaunchTests.swift */; };
		92C793C52B6A37DD00820E0C /* Extensions.swift in Sources */ = {isa = PBXBuildFile; fileRef = 92C793C42B6A37DD00820E0C /* Extensions.swift */; };
		92C793C82B6A3B7C00820E0C /* TransactionModel.swift in Sources */ = {isa = PBXBuildFile; fileRef = 92C793C72B6A3B7C00820E0C /* TransactionModel.swift */; };
		92C793CA2B6A3CA800820E0C /* PreviewData.swift in Sources */ = {isa = PBXBuildFile; fileRef = 92C793C92B6A3CA800820E0C /* PreviewData.swift */; };
		92C793CD2B6A3DD500820E0C /* TransactionRow.swift in Sources */ = {isa = PBXBuildFile; fileRef = 92C793CC2B6A3DD500820E0C /* TransactionRow.swift */; };
		92C793D02B6A444300820E0C /* SwiftUIFontIcon in Frameworks */ = {isa = PBXBuildFile; productRef = 92C793CF2B6A444300820E0C /* SwiftUIFontIcon */; };
		92C793D22B6A453900820E0C /* TransactionListViewModel.swift in Sources */ = {isa = PBXBuildFile; fileRef = 92C793D12B6A453900820E0C /* TransactionListViewModel.swift */; };
		92C793D72B6CD43400820E0C /* RecentTransactionsList.swift in Sources */ = {isa = PBXBuildFile; fileRef = 92C793D62B6CD43400820E0C /* RecentTransactionsList.swift */; };
/* End PBXBuildFile section */

/* Begin PBXContainerItemProxy section */
		92C793A72B6A330C00820E0C /* PBXContainerItemProxy */ = {
			isa = PBXContainerItemProxy;
			containerPortal = 92C7938E2B6A330800820E0C /* Project object */;
			proxyType = 1;
			remoteGlobalIDString = 92C793952B6A330800820E0C;
			remoteInfo = "ExpenseTracker-SwiftUI";
		};
		92C793B12B6A330C00820E0C /* PBXContainerItemProxy */ = {
			isa = PBXContainerItemProxy;
			containerPortal = 92C7938E2B6A330800820E0C /* Project object */;
			proxyType = 1;
			remoteGlobalIDString = 92C793952B6A330800820E0C;
			remoteInfo = "ExpenseTracker-SwiftUI";
		};
/* End PBXContainerItemProxy section */

/* Begin PBXFileReference section */
		92C793962B6A330800820E0C /* ExpenseTracker-SwiftUI.app */ = {isa = PBXFileReference; explicitFileType = wrapper.application; includeInIndex = 0; path = "ExpenseTracker-SwiftUI.app"; sourceTree = BUILT_PRODUCTS_DIR; };
		92C793992B6A330800820E0C /* ExpenseTracker_SwiftUIApp.swift */ = {isa = PBXFileReference; lastKnownFileType = sourcecode.swift; path = ExpenseTracker_SwiftUIApp.swift; sourceTree = "<group>"; };
		92C7939B2B6A330800820E0C /* ContentView.swift */ = {isa = PBXFileReference; lastKnownFileType = sourcecode.swift; path = ContentView.swift; sourceTree = "<group>"; };
		92C7939D2B6A330C00820E0C /* Assets.xcassets */ = {isa = PBXFileReference; lastKnownFileType = folder.assetcatalog; path = Assets.xcassets; sourceTree = "<group>"; };
		92C793A02B6A330C00820E0C /* Preview Assets.xcassets */ = {isa = PBXFileReference; lastKnownFileType = folder.assetcatalog; path = "Preview Assets.xcassets"; sourceTree = "<group>"; };
		92C793A62B6A330C00820E0C /* ExpenseTracker-SwiftUITests.xctest */ = {isa = PBXFileReference; explicitFileType = wrapper.cfbundle; includeInIndex = 0; path = "ExpenseTracker-SwiftUITests.xctest"; sourceTree = BUILT_PRODUCTS_DIR; };
		92C793AA2B6A330C00820E0C /* ExpenseTracker_SwiftUITests.swift */ = {isa = PBXFileReference; lastKnownFileType = sourcecode.swift; path = ExpenseTracker_SwiftUITests.swift; sourceTree = "<group>"; };
		92C793B02B6A330C00820E0C /* ExpenseTracker-SwiftUIUITests.xctest */ = {isa = PBXFileReference; explicitFileType = wrapper.cfbundle; includeInIndex = 0; path = "ExpenseTracker-SwiftUIUITests.xctest"; sourceTree = BUILT_PRODUCTS_DIR; };
		92C793B42B6A330C00820E0C /* ExpenseTracker_SwiftUIUITests.swift */ = {isa = PBXFileReference; lastKnownFileType = sourcecode.swift; path = ExpenseTracker_SwiftUIUITests.swift; sourceTree = "<group>"; };
		92C793B62B6A330C00820E0C /* ExpenseTracker_SwiftUIUITestsLaunchTests.swift */ = {isa = PBXFileReference; lastKnownFileType = sourcecode.swift; path = ExpenseTracker_SwiftUIUITestsLaunchTests.swift; sourceTree = "<group>"; };
		92C793C42B6A37DD00820E0C /* Extensions.swift */ = {isa = PBXFileReference; lastKnownFileType = sourcecode.swift; path = Extensions.swift; sourceTree = "<group>"; };
		92C793C72B6A3B7C00820E0C /* TransactionModel.swift */ = {isa = PBXFileReference; lastKnownFileType = sourcecode.swift; path = TransactionModel.swift; sourceTree = "<group>"; };
		92C793C92B6A3CA800820E0C /* PreviewData.swift */ = {isa = PBXFileReference; lastKnownFileType = sourcecode.swift; path = PreviewData.swift; sourceTree = "<group>"; };
		92C793CC2B6A3DD500820E0C /* TransactionRow.swift */ = {isa = PBXFileReference; lastKnownFileType = sourcecode.swift; path = TransactionRow.swift; sourceTree = "<group>"; };
		92C793D12B6A453900820E0C /* TransactionListViewModel.swift */ = {isa = PBXFileReference; lastKnownFileType = sourcecode.swift; path = TransactionListViewModel.swift; sourceTree = "<group>"; };
		92C793D62B6CD43400820E0C /* RecentTransactionsList.swift */ = {isa = PBXFileReference; lastKnownFileType = sourcecode.swift; path = RecentTransactionsList.swift; sourceTree = "<group>"; };
/* End PBXFileReference section */

/* Begin PBXFrameworksBuildPhase section */
		92C793932B6A330800820E0C /* Frameworks */ = {
			isa = PBXFrameworksBuildPhase;
			buildActionMask = 2147483647;
			files = (
				92C793D02B6A444300820E0C /* SwiftUIFontIcon in Frameworks */,
			);
			runOnlyForDeploymentPostprocessing = 0;
		};
		92C793A32B6A330C00820E0C /* Frameworks */ = {
			isa = PBXFrameworksBuildPhase;
			buildActionMask = 2147483647;
			files = (
			);
			runOnlyForDeploymentPostprocessing = 0;
		};
		92C793AD2B6A330C00820E0C /* Frameworks */ = {
			isa = PBXFrameworksBuildPhase;
			buildActionMask = 2147483647;
			files = (
			);
			runOnlyForDeploymentPostprocessing = 0;
		};
/* End PBXFrameworksBuildPhase section */

/* Begin PBXGroup section */
		92C7938D2B6A330800820E0C = {
			isa = PBXGroup;
			children = (
				92C793982B6A330800820E0C /* ExpenseTracker-SwiftUI */,
				92C793A92B6A330C00820E0C /* ExpenseTracker-SwiftUITests */,
				92C793B32B6A330C00820E0C /* ExpenseTracker-SwiftUIUITests */,
				92C793972B6A330800820E0C /* Products */,
			);
			sourceTree = "<group>";
		};
		92C793972B6A330800820E0C /* Products */ = {
			isa = PBXGroup;
			children = (
				92C793962B6A330800820E0C /* ExpenseTracker-SwiftUI.app */,
				92C793A62B6A330C00820E0C /* ExpenseTracker-SwiftUITests.xctest */,
				92C793B02B6A330C00820E0C /* ExpenseTracker-SwiftUIUITests.xctest */,
			);
			name = Products;
			sourceTree = "<group>";
		};
		92C793982B6A330800820E0C /* ExpenseTracker-SwiftUI */ = {
			isa = PBXGroup;
			children = (
				92C793D52B6A528C00820E0C /* ViewModel */,
				92C793CB2B6A3DB900820E0C /* Model */,
				92C793C62B6A3B4D00820E0C /* View */,
				92C793C32B6A37CC00820E0C /* Extensions */,
				92C793992B6A330800820E0C /* ExpenseTracker_SwiftUIApp.swift */,
				92C7939B2B6A330800820E0C /* ContentView.swift */,
				92C7939D2B6A330C00820E0C /* Assets.xcassets */,
				92C7939F2B6A330C00820E0C /* Preview Content */,
			);
			path = "ExpenseTracker-SwiftUI";
			sourceTree = "<group>";
		};
		92C7939F2B6A330C00820E0C /* Preview Content */ = {
			isa = PBXGroup;
			children = (
				92C793A02B6A330C00820E0C /* Preview Assets.xcassets */,
				92C793C92B6A3CA800820E0C /* PreviewData.swift */,
			);
			path = "Preview Content";
			sourceTree = "<group>";
		};
		92C793A92B6A330C00820E0C /* ExpenseTracker-SwiftUITests */ = {
			isa = PBXGroup;
			children = (
				92C793AA2B6A330C00820E0C /* ExpenseTracker_SwiftUITests.swift */,
			);
			path = "ExpenseTracker-SwiftUITests";
			sourceTree = "<group>";
		};
		92C793B32B6A330C00820E0C /* ExpenseTracker-SwiftUIUITests */ = {
			isa = PBXGroup;
			children = (
				92C793B42B6A330C00820E0C /* ExpenseTracker_SwiftUIUITests.swift */,
				92C793B62B6A330C00820E0C /* ExpenseTracker_SwiftUIUITestsLaunchTests.swift */,
			);
			path = "ExpenseTracker-SwiftUIUITests";
			sourceTree = "<group>";
		};
		92C793C32B6A37CC00820E0C /* Extensions */ = {
			isa = PBXGroup;
			children = (
				92C793C42B6A37DD00820E0C /* Extensions.swift */,
			);
			path = Extensions;
			sourceTree = "<group>";
		};
		92C793C62B6A3B4D00820E0C /* View */ = {
			isa = PBXGroup;
			children = (
				92C793CC2B6A3DD500820E0C /* TransactionRow.swift */,
				92C793D62B6CD43400820E0C /* RecentTransactionsList.swift */,
			);
			path = View;
			sourceTree = "<group>";
		};
		92C793CB2B6A3DB900820E0C /* Model */ = {
			isa = PBXGroup;
			children = (
				92C793C72B6A3B7C00820E0C /* TransactionModel.swift */,
			);
			path = Model;
			sourceTree = "<group>";
		};
		92C793D52B6A528C00820E0C /* ViewModel */ = {
			isa = PBXGroup;
			children = (
				92C793D12B6A453900820E0C /* TransactionListViewModel.swift */,
			);
			path = ViewModel;
			sourceTree = "<group>";
		};
/* End PBXGroup section */

/* Begin PBXNativeTarget section */
		92C793952B6A330800820E0C /* ExpenseTracker-SwiftUI */ = {
			isa = PBXNativeTarget;
			buildConfigurationList = 92C793BA2B6A330C00820E0C /* Build configuration list for PBXNativeTarget "ExpenseTracker-SwiftUI" */;
			buildPhases = (
				92C793922B6A330800820E0C /* Sources */,
				92C793932B6A330800820E0C /* Frameworks */,
				92C793942B6A330800820E0C /* Resources */,
			);
			buildRules = (
			);
			dependencies = (
			);
			name = "ExpenseTracker-SwiftUI";
			packageProductDependencies = (
				92C793CF2B6A444300820E0C /* SwiftUIFontIcon */,
			);
			productName = "ExpenseTracker-SwiftUI";
			productReference = 92C793962B6A330800820E0C /* ExpenseTracker-SwiftUI.app */;
			productType = "com.apple.product-type.application";
		};
		92C793A52B6A330C00820E0C /* ExpenseTracker-SwiftUITests */ = {
			isa = PBXNativeTarget;
			buildConfigurationList = 92C793BD2B6A330C00820E0C /* Build configuration list for PBXNativeTarget "ExpenseTracker-SwiftUITests" */;
			buildPhases = (
				92C793A22B6A330C00820E0C /* Sources */,
				92C793A32B6A330C00820E0C /* Frameworks */,
				92C793A42B6A330C00820E0C /* Resources */,
			);
			buildRules = (
			);
			dependencies = (
				92C793A82B6A330C00820E0C /* PBXTargetDependency */,
			);
			name = "ExpenseTracker-SwiftUITests";
			productName = "ExpenseTracker-SwiftUITests";
			productReference = 92C793A62B6A330C00820E0C /* ExpenseTracker-SwiftUITests.xctest */;
			productType = "com.apple.product-type.bundle.unit-test";
		};
		92C793AF2B6A330C00820E0C /* ExpenseTracker-SwiftUIUITests */ = {
			isa = PBXNativeTarget;
			buildConfigurationList = 92C793C02B6A330C00820E0C /* Build configuration list for PBXNativeTarget "ExpenseTracker-SwiftUIUITests" */;
			buildPhases = (
				92C793AC2B6A330C00820E0C /* Sources */,
				92C793AD2B6A330C00820E0C /* Frameworks */,
				92C793AE2B6A330C00820E0C /* Resources */,
			);
			buildRules = (
			);
			dependencies = (
				92C793B22B6A330C00820E0C /* PBXTargetDependency */,
			);
			name = "ExpenseTracker-SwiftUIUITests";
			productName = "ExpenseTracker-SwiftUIUITests";
			productReference = 92C793B02B6A330C00820E0C /* ExpenseTracker-SwiftUIUITests.xctest */;
			productType = "com.apple.product-type.bundle.ui-testing";
		};
/* End PBXNativeTarget section */

/* Begin PBXProject section */
		92C7938E2B6A330800820E0C /* Project object */ = {
			isa = PBXProject;
			attributes = {
				BuildIndependentTargetsInParallel = 1;
				LastSwiftUpdateCheck = 1500;
				LastUpgradeCheck = 1500;
				TargetAttributes = {
					92C793952B6A330800820E0C = {
						CreatedOnToolsVersion = 15.0.1;
					};
					92C793A52B6A330C00820E0C = {
						CreatedOnToolsVersion = 15.0.1;
						TestTargetID = 92C793952B6A330800820E0C;
					};
					92C793AF2B6A330C00820E0C = {
						CreatedOnToolsVersion = 15.0.1;
						TestTargetID = 92C793952B6A330800820E0C;
					};
				};
			};
			buildConfigurationList = 92C793912B6A330800820E0C /* Build configuration list for PBXProject "ExpenseTracker-SwiftUI" */;
			compatibilityVersion = "Xcode 14.0";
			developmentRegion = en;
			hasScannedForEncodings = 0;
			knownRegions = (
				en,
				Base,
			);
			mainGroup = 92C7938D2B6A330800820E0C;
			packageReferences = (
				92C793CE2B6A444300820E0C /* XCRemoteSwiftPackageReference "SwiftUIFontIcon" */,
			);
			productRefGroup = 92C793972B6A330800820E0C /* Products */;
			projectDirPath = "";
			projectRoot = "";
			targets = (
				92C793952B6A330800820E0C /* ExpenseTracker-SwiftUI */,
				92C793A52B6A330C00820E0C /* ExpenseTracker-SwiftUITests */,
				92C793AF2B6A330C00820E0C /* ExpenseTracker-SwiftUIUITests */,
			);
		};
/* End PBXProject section */

/* Begin PBXResourcesBuildPhase section */
		92C793942B6A330800820E0C /* Resources */ = {
			isa = PBXResourcesBuildPhase;
			buildActionMask = 2147483647;
			files = (
				92C793A12B6A330C00820E0C /* Preview Assets.xcassets in Resources */,
				92C7939E2B6A330C00820E0C /* Assets.xcassets in Resources */,
			);
			runOnlyForDeploymentPostprocessing = 0;
		};
		92C793A42B6A330C00820E0C /* Resources */ = {
			isa = PBXResourcesBuildPhase;
			buildActionMask = 2147483647;
			files = (
			);
			runOnlyForDeploymentPostprocessing = 0;
		};
		92C793AE2B6A330C00820E0C /* Resources */ = {
			isa = PBXResourcesBuildPhase;
			buildActionMask = 2147483647;
			files = (
			);
			runOnlyForDeploymentPostprocessing = 0;
		};
/* End PBXResourcesBuildPhase section */

/* Begin PBXSourcesBuildPhase section */
		92C793922B6A330800820E0C /* Sources */ = {
			isa = PBXSourcesBuildPhase;
			buildActionMask = 2147483647;
			files = (
				92C793CA2B6A3CA800820E0C /* PreviewData.swift in Sources */,
				92C793C82B6A3B7C00820E0C /* TransactionModel.swift in Sources */,
				92C7939C2B6A330800820E0C /* ContentView.swift in Sources */,
				92C793CD2B6A3DD500820E0C /* TransactionRow.swift in Sources */,
				92C793C52B6A37DD00820E0C /* Extensions.swift in Sources */,
				92C793D72B6CD43400820E0C /* RecentTransactionsList.swift in Sources */,
				92C793D22B6A453900820E0C /* TransactionListViewModel.swift in Sources */,
				92C7939A2B6A330800820E0C /* ExpenseTracker_SwiftUIApp.swift in Sources */,
			);
			runOnlyForDeploymentPostprocessing = 0;
		};
		92C793A22B6A330C00820E0C /* Sources */ = {
			isa = PBXSourcesBuildPhase;
			buildActionMask = 2147483647;
			files = (
				92C793AB2B6A330C00820E0C /* ExpenseTracker_SwiftUITests.swift in Sources */,
			);
			runOnlyForDeploymentPostprocessing = 0;
		};
		92C793AC2B6A330C00820E0C /* Sources */ = {
			isa = PBXSourcesBuildPhase;
			buildActionMask = 2147483647;
			files = (
				92C793B72B6A330C00820E0C /* ExpenseTracker_SwiftUIUITestsLaunchTests.swift in Sources */,
				92C793B52B6A330C00820E0C /* ExpenseTracker_SwiftUIUITests.swift in Sources */,
			);
			runOnlyForDeploymentPostprocessing = 0;
		};
/* End PBXSourcesBuildPhase section */

/* Begin PBXTargetDependency section */
		92C793A82B6A330C00820E0C /* PBXTargetDependency */ = {
			isa = PBXTargetDependency;
			target = 92C793952B6A330800820E0C /* ExpenseTracker-SwiftUI */;
			targetProxy = 92C793A72B6A330C00820E0C /* PBXContainerItemProxy */;
		};
		92C793B22B6A330C00820E0C /* PBXTargetDependency */ = {
			isa = PBXTargetDependency;
			target = 92C793952B6A330800820E0C /* ExpenseTracker-SwiftUI */;
			targetProxy = 92C793B12B6A330C00820E0C /* PBXContainerItemProxy */;
		};
/* End PBXTargetDependency section */

/* Begin XCBuildConfiguration section */
		92C793B82B6A330C00820E0C /* Debug */ = {
			isa = XCBuildConfiguration;
			buildSettings = {
				ALWAYS_SEARCH_USER_PATHS = NO;
				ASSETCATALOG_COMPILER_GENERATE_SWIFT_ASSET_SYMBOL_EXTENSIONS = YES;
				CLANG_ANALYZER_NONNULL = YES;
				CLANG_ANALYZER_NUMBER_OBJECT_CONVERSION = YES_AGGRESSIVE;
				CLANG_CXX_LANGUAGE_STANDARD = "gnu++20";
				CLANG_ENABLE_MODULES = YES;
				CLANG_ENABLE_OBJC_ARC = YES;
				CLANG_ENABLE_OBJC_WEAK = YES;
				CLANG_WARN_BLOCK_CAPTURE_AUTORELEASING = YES;
				CLANG_WARN_BOOL_CONVERSION = YES;
				CLANG_WARN_COMMA = YES;
				CLANG_WARN_CONSTANT_CONVERSION = YES;
				CLANG_WARN_DEPRECATED_OBJC_IMPLEMENTATIONS = YES;
				CLANG_WARN_DIRECT_OBJC_ISA_USAGE = YES_ERROR;
				CLANG_WARN_DOCUMENTATION_COMMENTS = YES;
				CLANG_WARN_EMPTY_BODY = YES;
				CLANG_WARN_ENUM_CONVERSION = YES;
				CLANG_WARN_INFINITE_RECURSION = YES;
				CLANG_WARN_INT_CONVERSION = YES;
				CLANG_WARN_NON_LITERAL_NULL_CONVERSION = YES;
				CLANG_WARN_OBJC_IMPLICIT_RETAIN_SELF = YES;
				CLANG_WARN_OBJC_LITERAL_CONVERSION = YES;
				CLANG_WARN_OBJC_ROOT_CLASS = YES_ERROR;
				CLANG_WARN_QUOTED_INCLUDE_IN_FRAMEWORK_HEADER = YES;
				CLANG_WARN_RANGE_LOOP_ANALYSIS = YES;
				CLANG_WARN_STRICT_PROTOTYPES = YES;
				CLANG_WARN_SUSPICIOUS_MOVE = YES;
				CLANG_WARN_UNGUARDED_AVAILABILITY = YES_AGGRESSIVE;
				CLANG_WARN_UNREACHABLE_CODE = YES;
				CLANG_WARN__DUPLICATE_METHOD_MATCH = YES;
				COPY_PHASE_STRIP = NO;
				DEBUG_INFORMATION_FORMAT = dwarf;
				ENABLE_STRICT_OBJC_MSGSEND = YES;
				ENABLE_TESTABILITY = YES;
				ENABLE_USER_SCRIPT_SANDBOXING = YES;
				GCC_C_LANGUAGE_STANDARD = gnu17;
				GCC_DYNAMIC_NO_PIC = NO;
				GCC_NO_COMMON_BLOCKS = YES;
				GCC_OPTIMIZATION_LEVEL = 0;
				GCC_PREPROCESSOR_DEFINITIONS = (
					"DEBUG=1",
					"$(inherited)",
				);
				GCC_WARN_64_TO_32_BIT_CONVERSION = YES;
				GCC_WARN_ABOUT_RETURN_TYPE = YES_ERROR;
				GCC_WARN_UNDECLARED_SELECTOR = YES;
				GCC_WARN_UNINITIALIZED_AUTOS = YES_AGGRESSIVE;
				GCC_WARN_UNUSED_FUNCTION = YES;
				GCC_WARN_UNUSED_VARIABLE = YES;
				IPHONEOS_DEPLOYMENT_TARGET = 17.0;
				LOCALIZATION_PREFERS_STRING_CATALOGS = YES;
				MTL_ENABLE_DEBUG_INFO = INCLUDE_SOURCE;
				MTL_FAST_MATH = YES;
				ONLY_ACTIVE_ARCH = YES;
				SDKROOT = iphoneos;
				SWIFT_ACTIVE_COMPILATION_CONDITIONS = "DEBUG $(inherited)";
				SWIFT_OPTIMIZATION_LEVEL = "-Onone";
			};
			name = Debug;
		};
		92C793B92B6A330C00820E0C /* Release */ = {
			isa = XCBuildConfiguration;
			buildSettings = {
				ALWAYS_SEARCH_USER_PATHS = NO;
				ASSETCATALOG_COMPILER_GENERATE_SWIFT_ASSET_SYMBOL_EXTENSIONS = YES;
				CLANG_ANALYZER_NONNULL = YES;
				CLANG_ANALYZER_NUMBER_OBJECT_CONVERSION = YES_AGGRESSIVE;
				CLANG_CXX_LANGUAGE_STANDARD = "gnu++20";
				CLANG_ENABLE_MODULES = YES;
				CLANG_ENABLE_OBJC_ARC = YES;
				CLANG_ENABLE_OBJC_WEAK = YES;
				CLANG_WARN_BLOCK_CAPTURE_AUTORELEASING = YES;
				CLANG_WARN_BOOL_CONVERSION = YES;
				CLANG_WARN_COMMA = YES;
				CLANG_WARN_CONSTANT_CONVERSION = YES;
				CLANG_WARN_DEPRECATED_OBJC_IMPLEMENTATIONS = YES;
				CLANG_WARN_DIRECT_OBJC_ISA_USAGE = YES_ERROR;
				CLANG_WARN_DOCUMENTATION_COMMENTS = YES;
				CLANG_WARN_EMPTY_BODY = YES;
				CLANG_WARN_ENUM_CONVERSION = YES;
				CLANG_WARN_INFINITE_RECURSION = YES;
				CLANG_WARN_INT_CONVERSION = YES;
				CLANG_WARN_NON_LITERAL_NULL_CONVERSION = YES;
				CLANG_WARN_OBJC_IMPLICIT_RETAIN_SELF = YES;
				CLANG_WARN_OBJC_LITERAL_CONVERSION = YES;
				CLANG_WARN_OBJC_ROOT_CLASS = YES_ERROR;
				CLANG_WARN_QUOTED_INCLUDE_IN_FRAMEWORK_HEADER = YES;
				CLANG_WARN_RANGE_LOOP_ANALYSIS = YES;
				CLANG_WARN_STRICT_PROTOTYPES = YES;
				CLANG_WARN_SUSPICIOUS_MOVE = YES;
				CLANG_WARN_UNGUARDED_AVAILABILITY = YES_AGGRESSIVE;
				CLANG_WARN_UNREACHABLE_CODE = YES;
				CLANG_WARN__DUPLICATE_METHOD_MATCH = YES;
				COPY_PHASE_STRIP = NO;
				DEBUG_INFORMATION_FORMAT = "dwarf-with-dsym";
				ENABLE_NS_ASSERTIONS = NO;
				ENABLE_STRICT_OBJC_MSGSEND = YES;
				ENABLE_USER_SCRIPT_SANDBOXING = YES;
				GCC_C_LANGUAGE_STANDARD = gnu17;
				GCC_NO_COMMON_BLOCKS = YES;
				GCC_WARN_64_TO_32_BIT_CONVERSION = YES;
				GCC_WARN_ABOUT_RETURN_TYPE = YES_ERROR;
				GCC_WARN_UNDECLARED_SELECTOR = YES;
				GCC_WARN_UNINITIALIZED_AUTOS = YES_AGGRESSIVE;
				GCC_WARN_UNUSED_FUNCTION = YES;
				GCC_WARN_UNUSED_VARIABLE = YES;
				IPHONEOS_DEPLOYMENT_TARGET = 17.0;
				LOCALIZATION_PREFERS_STRING_CATALOGS = YES;
				MTL_ENABLE_DEBUG_INFO = NO;
				MTL_FAST_MATH = YES;
				SDKROOT = iphoneos;
				SWIFT_COMPILATION_MODE = wholemodule;
				VALIDATE_PRODUCT = YES;
			};
			name = Release;
		};
		92C793BB2B6A330C00820E0C /* Debug */ = {
			isa = XCBuildConfiguration;
			buildSettings = {
				ASSETCATALOG_COMPILER_APPICON_NAME = AppIcon;
				ASSETCATALOG_COMPILER_GLOBAL_ACCENT_COLOR_NAME = AccentColor;
				CODE_SIGN_STYLE = Automatic;
				CURRENT_PROJECT_VERSION = 1;
				DEVELOPMENT_ASSET_PATHS = "\"ExpenseTracker-SwiftUI/Preview Content\"";
				DEVELOPMENT_TEAM = 8Q8PK53YFD;
				ENABLE_PREVIEWS = YES;
				GENERATE_INFOPLIST_FILE = YES;
				INFOPLIST_KEY_UIApplicationSceneManifest_Generation = YES;
				INFOPLIST_KEY_UIApplicationSupportsIndirectInputEvents = YES;
				INFOPLIST_KEY_UILaunchScreen_Generation = YES;
				INFOPLIST_KEY_UISupportedInterfaceOrientations_iPad = "UIInterfaceOrientationPortrait UIInterfaceOrientationPortraitUpsideDown UIInterfaceOrientationLandscapeLeft UIInterfaceOrientationLandscapeRight";
				INFOPLIST_KEY_UISupportedInterfaceOrientations_iPhone = "UIInterfaceOrientationPortrait UIInterfaceOrientationLandscapeLeft UIInterfaceOrientationLandscapeRight";
				LD_RUNPATH_SEARCH_PATHS = (
					"$(inherited)",
					"@executable_path/Frameworks",
				);
				MARKETING_VERSION = 1.0;
				PRODUCT_BUNDLE_IDENTIFIER = "com.reetD.ExpenseTracker-SwiftUI";
				PRODUCT_NAME = "$(TARGET_NAME)";
				SWIFT_EMIT_LOC_STRINGS = YES;
				SWIFT_VERSION = 5.0;
				TARGETED_DEVICE_FAMILY = "1,2";
			};
			name = Debug;
		};
		92C793BC2B6A330C00820E0C /* Release */ = {
			isa = XCBuildConfiguration;
			buildSettings = {
				ASSETCATALOG_COMPILER_APPICON_NAME = AppIcon;
				ASSETCATALOG_COMPILER_GLOBAL_ACCENT_COLOR_NAME = AccentColor;
				CODE_SIGN_STYLE = Automatic;
				CURRENT_PROJECT_VERSION = 1;
				DEVELOPMENT_ASSET_PATHS = "\"ExpenseTracker-SwiftUI/Preview Content\"";
				DEVELOPMENT_TEAM = 8Q8PK53YFD;
				ENABLE_PREVIEWS = YES;
				GENERATE_INFOPLIST_FILE = YES;
				INFOPLIST_KEY_UIApplicationSceneManifest_Generation = YES;
				INFOPLIST_KEY_UIApplicationSupportsIndirectInputEvents = YES;
				INFOPLIST_KEY_UILaunchScreen_Generation = YES;
				INFOPLIST_KEY_UISupportedInterfaceOrientations_iPad = "UIInterfaceOrientationPortrait UIInterfaceOrientationPortraitUpsideDown UIInterfaceOrientationLandscapeLeft UIInterfaceOrientationLandscapeRight";
				INFOPLIST_KEY_UISupportedInterfaceOrientations_iPhone = "UIInterfaceOrientationPortrait UIInterfaceOrientationLandscapeLeft UIInterfaceOrientationLandscapeRight";
				LD_RUNPATH_SEARCH_PATHS = (
					"$(inherited)",
					"@executable_path/Frameworks",
				);
				MARKETING_VERSION = 1.0;
				PRODUCT_BUNDLE_IDENTIFIER = "com.reetD.ExpenseTracker-SwiftUI";
				PRODUCT_NAME = "$(TARGET_NAME)";
				SWIFT_EMIT_LOC_STRINGS = YES;
				SWIFT_VERSION = 5.0;
				TARGETED_DEVICE_FAMILY = "1,2";
			};
			name = Release;
		};
		92C793BE2B6A330C00820E0C /* Debug */ = {
			isa = XCBuildConfiguration;
			buildSettings = {
				ALWAYS_EMBED_SWIFT_STANDARD_LIBRARIES = YES;
				BUNDLE_LOADER = "$(TEST_HOST)";
				CODE_SIGN_STYLE = Automatic;
				CURRENT_PROJECT_VERSION = 1;
				DEVELOPMENT_TEAM = 8Q8PK53YFD;
				GENERATE_INFOPLIST_FILE = YES;
				IPHONEOS_DEPLOYMENT_TARGET = 17.0;
				MARKETING_VERSION = 1.0;
				PRODUCT_BUNDLE_IDENTIFIER = "com.reetD.ExpenseTracker-SwiftUITests";
				PRODUCT_NAME = "$(TARGET_NAME)";
				SWIFT_EMIT_LOC_STRINGS = NO;
				SWIFT_VERSION = 5.0;
				TARGETED_DEVICE_FAMILY = "1,2";
				TEST_HOST = "$(BUILT_PRODUCTS_DIR)/ExpenseTracker-SwiftUI.app/$(BUNDLE_EXECUTABLE_FOLDER_PATH)/ExpenseTracker-SwiftUI";
			};
			name = Debug;
		};
		92C793BF2B6A330C00820E0C /* Release */ = {
			isa = XCBuildConfiguration;
			buildSettings = {
				ALWAYS_EMBED_SWIFT_STANDARD_LIBRARIES = YES;
				BUNDLE_LOADER = "$(TEST_HOST)";
				CODE_SIGN_STYLE = Automatic;
				CURRENT_PROJECT_VERSION = 1;
				DEVELOPMENT_TEAM = 8Q8PK53YFD;
				GENERATE_INFOPLIST_FILE = YES;
				IPHONEOS_DEPLOYMENT_TARGET = 17.0;
				MARKETING_VERSION = 1.0;
				PRODUCT_BUNDLE_IDENTIFIER = "com.reetD.ExpenseTracker-SwiftUITests";
				PRODUCT_NAME = "$(TARGET_NAME)";
				SWIFT_EMIT_LOC_STRINGS = NO;
				SWIFT_VERSION = 5.0;
				TARGETED_DEVICE_FAMILY = "1,2";
				TEST_HOST = "$(BUILT_PRODUCTS_DIR)/ExpenseTracker-SwiftUI.app/$(BUNDLE_EXECUTABLE_FOLDER_PATH)/ExpenseTracker-SwiftUI";
			};
			name = Release;
		};
		92C793C12B6A330C00820E0C /* Debug */ = {
			isa = XCBuildConfiguration;
			buildSettings = {
				ALWAYS_EMBED_SWIFT_STANDARD_LIBRARIES = YES;
				CODE_SIGN_STYLE = Automatic;
				CURRENT_PROJECT_VERSION = 1;
				DEVELOPMENT_TEAM = 8Q8PK53YFD;
				GENERATE_INFOPLIST_FILE = YES;
				MARKETING_VERSION = 1.0;
				PRODUCT_BUNDLE_IDENTIFIER = "com.reetD.ExpenseTracker-SwiftUIUITests";
				PRODUCT_NAME = "$(TARGET_NAME)";
				SWIFT_EMIT_LOC_STRINGS = NO;
				SWIFT_VERSION = 5.0;
				TARGETED_DEVICE_FAMILY = "1,2";
				TEST_TARGET_NAME = "ExpenseTracker-SwiftUI";
			};
			name = Debug;
		};
		92C793C22B6A330C00820E0C /* Release */ = {
			isa = XCBuildConfiguration;
			buildSettings = {
				ALWAYS_EMBED_SWIFT_STANDARD_LIBRARIES = YES;
				CODE_SIGN_STYLE = Automatic;
				CURRENT_PROJECT_VERSION = 1;
				DEVELOPMENT_TEAM = 8Q8PK53YFD;
				GENERATE_INFOPLIST_FILE = YES;
				MARKETING_VERSION = 1.0;
				PRODUCT_BUNDLE_IDENTIFIER = "com.reetD.ExpenseTracker-SwiftUIUITests";
				PRODUCT_NAME = "$(TARGET_NAME)";
				SWIFT_EMIT_LOC_STRINGS = NO;
				SWIFT_VERSION = 5.0;
				TARGETED_DEVICE_FAMILY = "1,2";
				TEST_TARGET_NAME = "ExpenseTracker-SwiftUI";
			};
			name = Release;
		};
/* End XCBuildConfiguration section */

/* Begin XCConfigurationList section */
		92C793912B6A330800820E0C /* Build configuration list for PBXProject "ExpenseTracker-SwiftUI" */ = {
			isa = XCConfigurationList;
			buildConfigurations = (
				92C793B82B6A330C00820E0C /* Debug */,
				92C793B92B6A330C00820E0C /* Release */,
			);
			defaultConfigurationIsVisible = 0;
			defaultConfigurationName = Release;
		};
		92C793BA2B6A330C00820E0C /* Build configuration list for PBXNativeTarget "ExpenseTracker-SwiftUI" */ = {
			isa = XCConfigurationList;
			buildConfigurations = (
				92C793BB2B6A330C00820E0C /* Debug */,
				92C793BC2B6A330C00820E0C /* Release */,
			);
			defaultConfigurationIsVisible = 0;
			defaultConfigurationName = Release;
		};
		92C793BD2B6A330C00820E0C /* Build configuration list for PBXNativeTarget "ExpenseTracker-SwiftUITests" */ = {
			isa = XCConfigurationList;
			buildConfigurations = (
				92C793BE2B6A330C00820E0C /* Debug */,
				92C793BF2B6A330C00820E0C /* Release */,
			);
			defaultConfigurationIsVisible = 0;
			defaultConfigurationName = Release;
		};
		92C793C02B6A330C00820E0C /* Build configuration list for PBXNativeTarget "ExpenseTracker-SwiftUIUITests" */ = {
			isa = XCConfigurationList;
			buildConfigurations = (
				92C793C12B6A330C00820E0C /* Debug */,
				92C793C22B6A330C00820E0C /* Release */,
			);
			defaultConfigurationIsVisible = 0;
			defaultConfigurationName = Release;
		};
/* End XCConfigurationList section */

/* Begin XCRemoteSwiftPackageReference section */
		92C793CE2B6A444300820E0C /* XCRemoteSwiftPackageReference "SwiftUIFontIcon" */ = {
			isa = XCRemoteSwiftPackageReference;
			repositoryURL = "https://github.com/huybuidac/SwiftUIFontIcon";
			requirement = {
				kind = upToNextMajorVersion;
				minimumVersion = 2.1.0;
			};
		};
/* End XCRemoteSwiftPackageReference section */

/* Begin XCSwiftPackageProductDependency section */
		92C793CF2B6A444300820E0C /* SwiftUIFontIcon */ = {
			isa = XCSwiftPackageProductDependency;
			package = 92C793CE2B6A444300820E0C /* XCRemoteSwiftPackageReference "SwiftUIFontIcon" */;
			productName = SwiftUIFontIcon;
		};
/* End XCSwiftPackageProductDependency section */
	};
	rootObject = 92C7938E2B6A330800820E0C /* Project object */;
}
